
Microsoft Visual Studio Solution File, Format Version 12.00
# Visual Studio Version 16
VisualStudioVersion = 16.0.29318.209
MinimumVisualStudioVersion = 10.0.40219.1
Project("{FAE04EC0-301F-11D3-BF4B-00C04F79EFBC}") = "StackAndHeap", "StackAndHeap\StackAndHeap.csproj", "{39615095-495B-42FF-8624-27FD98D10112}"
EndProject
Global
	GlobalSection(SolutionConfigurationPlatforms) = preSolution
		Debug|Any CPU = Debug|Any CPU
		Release|Any CPU = Release|Any CPU
	EndGlobalSection
	GlobalSection(ProjectConfigurationPlatforms) = postSolution
		{39615095-495B-42FF-8624-27FD98D10112}.Debug|Any CPU.ActiveCfg = Debug|Any CPU
		{39615095-495B-42FF-8624-27FD98D10112}.Debug|Any CPU.Build.0 = Debug|Any CPU
		{39615095-495B-42FF-8624-27FD98D10112}.Release|Any CPU.ActiveCfg = Release|Any CPU
		{39615095-495B-42FF-8624-27FD98D10112}.Release|Any CPU.Build.0 = Release|Any CPU
	EndGlobalSection
	GlobalSection(SolutionProperties) = preSolution
		HideSolutionNode = FALSE
	EndGlobalSection
	GlobalSection(ExtensibilityGlobals) = postSolution
		SolutionGuid = {CF419DD7-015F-4383-B2D2-666EBAD25CAF}
	EndGlobalSection
EndGlobal
